<?xml version="1.0" encoding="utf-8"?>
<Project ToolsVersion="4.0" xmlns="http://schemas.microsoft.com/developer/msbuild/2003">
  <ItemGroup>
    <ClInclude Include="pLib.h" />
    <ClInclude Include="Precompiled.h" />
    <ClInclude Include="Math\Vector.h">
      <Filter>Math</Filter>
    </ClInclude>
    <ClInclude Include="BuildConfig.h" />
    <ClInclude Include="Error.h" />
    <ClInclude Include="Containers\pList.h">
      <Filter>Containers</Filter>
    </ClInclude>
    <ClInclude Include="Types\Types.h">
      <Filter>Types</Filter>
    </ClInclude>
    <ClInclude Include="Containers\pStaticList.h">
      <Filter>Containers</Filter>
    </ClInclude>
    <ClInclude Include="Containers\pArray.h">
      <Filter>Containers</Filter>
    </ClInclude>
    <ClInclude Include="Containers\MTLinkedList.h">
      <Filter>Containers</Filter>
    </ClInclude>
    <ClInclude Include="Threads\CriticalSection.h">
      <Filter>Threads</Filter>
    </ClInclude>
    <ClInclude Include="Threads\Mutex.h">
      <Filter>Threads</Filter>
    </ClInclude>
    <ClInclude Include="Threads\ThreadSignal.h">
      <Filter>Threads</Filter>
    </ClInclude>
    <ClInclude Include="Util\Timer.h">
      <Filter>Util</Filter>
    </ClInclude>
    <ClInclude Include="Math\Constants.h">
      <Filter>Math</Filter>
    </ClInclude>
    <ClInclude Include="Math\Math.h">
      <Filter>Math</Filter>
    </ClInclude>
    <ClInclude Include="Util\PImpl.h">
      <Filter>Util</Filter>
    </ClInclude>
    <ClInclude Include="Math\Transform.h">
      <Filter>Math</Filter>
    </ClInclude>
    <ClInclude Include="Math\Quaternion.h">
      <Filter>Math</Filter>
    </ClInclude>
    <ClInclude Include="Math\Matrix.h">
      <Filter>Math</Filter>
    </ClInclude>
    <ClInclude Include="Event\EventBase.h">
      <Filter>Event</Filter>
    </ClInclude>
    <ClInclude Include="Event\EventListener.h">
      <Filter>Event</Filter>
    </ClInclude>
    <ClInclude Include="Event\EventManager.h">
      <Filter>Event</Filter>
    </ClInclude>
    <ClInclude Include="Threads\Thread.h">
      <Filter>Threads</Filter>
    </ClInclude>
    <ClInclude Include="Math\Util.h">
      <Filter>Math</Filter>
    </ClInclude>
    <ClInclude Include="Containers\pCircularQueue.h">
      <Filter>Containers</Filter>
    </ClInclude>
    <ClInclude Include="Containers\pMap.h">
      <Filter>Containers</Filter>
    </ClInclude>
    <ClInclude Include="Containers\pStaticString.h">
      <Filter>Containers</Filter>
    </ClInclude>
    <ClInclude Include="Util\Random.h">
      <Filter>Util</Filter>
    </ClInclude>
    <ClInclude Include="Math\Color.h">
      <Filter>Math</Filter>
    </ClInclude>
  </ItemGroup>
  <ItemGroup>
    <ClCompile Include="Precompiled.cpp" />
    <ClCompile Include="Math\Vector.cpp">
      <Filter>Math</Filter>
    </ClCompile>
    <ClCompile Include="Error.cpp" />
    <ClCompile Include="Math\Transform.cpp">
      <Filter>Math</Filter>
    </ClCompile>
    <ClCompile Include="Math\Quaternion.cpp">
      <Filter>Math</Filter>
    </ClCompile>
    <ClCompile Include="Math\Matrix.cpp">
      <Filter>Math</Filter>
    </ClCompile>
    <ClCompile Include="Event\EventManager.cpp">
      <Filter>Event</Filter>
    </ClCompile>
    <ClCompile Include="Threads\Thread.cpp">
      <Filter>Threads</Filter>
    </ClCompile>
    <ClCompile Include="Math\Util.cpp">
      <Filter>Math</Filter>
    </ClCompile>
  </ItemGroup>
  <ItemGroup>
    <Filter Include="Math">
      <UniqueIdentifier>{0879f6b0-4ccd-4ac0-9497-c9dd71ba3497}</UniqueIdentifier>
    </Filter>
    <Filter Include="Containers">
      <UniqueIdentifier>{9a67e254-0183-49e5-82cb-efe76bfcaade}</UniqueIdentifier>
    </Filter>
    <Filter Include="Types">
      <UniqueIdentifier>{f9f52cbc-9c37-40b3-8377-9715abc4badd}</UniqueIdentifier>
    </Filter>
    <Filter Include="Threads">
      <UniqueIdentifier>{5d72fe79-f66c-48d5-8e6c-3dc032a84f95}</UniqueIdentifier>
    </Filter>
    <Filter Include="Util">
      <UniqueIdentifier>{c4616f9c-ad2a-45ef-a0d5-8662d35b59b0}</UniqueIdentifier>
    </Filter>
    <Filter Include="Event">
      <UniqueIdentifier>{c1333a50-fd3f-4dc6-9f28-d6f381e23c69}</UniqueIdentifier>
    </Filter>
  </ItemGroup>
  <ItemGroup>
    <None Include="Threads\Mutex.inl">
      <Filter>Threads</Filter>
    </None>
    <None Include="Threads\ThreadSignal.inl">
      <Filter>Threads</Filter>
    </None>
    <None Include="Util\Timer.inl">
      <Filter>Util</Filter>
    </None>
  </ItemGroup>
</Project>